// !$*UTF8*$!
{
	archiveVersion = 1;
	classes = {
	};
	objectVersion = 56;
	objects = {

/* Begin PBXBuildFile section */
		26097E1B29898FF60089D19E /* AppDelegate.swift in Sources */ = {isa = PBXBuildFile; fileRef = 26097E1A29898FF60089D19E /* AppDelegate.swift */; };
		26097E1D29898FF60089D19E /* SceneDelegate.swift in Sources */ = {isa = PBXBuildFile; fileRef = 26097E1C29898FF60089D19E /* SceneDelegate.swift */; };
		26097E1F29898FF60089D19E /* ViewController.swift in Sources */ = {isa = PBXBuildFile; fileRef = 26097E1E29898FF60089D19E /* ViewController.swift */; };
		26097E2229898FF60089D19E /* Main.storyboard in Resources */ = {isa = PBXBuildFile; fileRef = 26097E2029898FF60089D19E /* Main.storyboard */; };
		26097E2429898FF80089D19E /* Assets.xcassets in Resources */ = {isa = PBXBuildFile; fileRef = 26097E2329898FF80089D19E /* Assets.xcassets */; };
		26097E2729898FF80089D19E /* LaunchScreen.storyboard in Resources */ = {isa = PBXBuildFile; fileRef = 26097E2529898FF80089D19E /* LaunchScreen.storyboard */; };
		26097E3229898FF80089D19E /* Rick_And_Morty_AppTests.swift in Sources */ = {isa = PBXBuildFile; fileRef = 26097E3129898FF80089D19E /* Rick_And_Morty_AppTests.swift */; };
		26097E3C29898FF80089D19E /* Rick_And_Morty_AppUITests.swift in Sources */ = {isa = PBXBuildFile; fileRef = 26097E3B29898FF80089D19E /* Rick_And_Morty_AppUITests.swift */; };
		26097E3E29898FF80089D19E /* Rick_And_Morty_AppUITestsLaunchTests.swift in Sources */ = {isa = PBXBuildFile; fileRef = 26097E3D29898FF80089D19E /* Rick_And_Morty_AppUITestsLaunchTests.swift */; };
/* End PBXBuildFile section */

/* Begin PBXContainerItemProxy section */
		26097E2E29898FF80089D19E /* PBXContainerItemProxy */ = {
			isa = PBXContainerItemProxy;
			containerPortal = 26097E0F29898FF60089D19E /* Project object */;
			proxyType = 1;
			remoteGlobalIDString = 26097E1629898FF60089D19E;
			remoteInfo = "Rick And Morty App";
		};
		26097E3829898FF80089D19E /* PBXContainerItemProxy */ = {
			isa = PBXContainerItemProxy;
			containerPortal = 26097E0F29898FF60089D19E /* Project object */;
			proxyType = 1;
			remoteGlobalIDString = 26097E1629898FF60089D19E;
			remoteInfo = "Rick And Morty App";
		};
/* End PBXContainerItemProxy section */

/* Begin PBXFileReference section */
		26097E1729898FF60089D19E /* Rick And Morty App.app */ = {isa = PBXFileReference; explicitFileType = wrapper.application; includeInIndex = 0; path = "Rick And Morty App.app"; sourceTree = BUILT_PRODUCTS_DIR; };
		26097E1A29898FF60089D19E /* AppDelegate.swift */ = {isa = PBXFileReference; lastKnownFileType = sourcecode.swift; path = AppDelegate.swift; sourceTree = "<group>"; };
		26097E1C29898FF60089D19E /* SceneDelegate.swift */ = {isa = PBXFileReference; lastKnownFileType = sourcecode.swift; path = SceneDelegate.swift; sourceTree = "<group>"; };
		26097E1E29898FF60089D19E /* ViewController.swift */ = {isa = PBXFileReference; lastKnownFileType = sourcecode.swift; path = ViewController.swift; sourceTree = "<group>"; };
		26097E2129898FF60089D19E /* Base */ = {isa = PBXFileReference; lastKnownFileType = file.storyboard; name = Base; path = Base.lproj/Main.storyboard; sourceTree = "<group>"; };
		26097E2329898FF80089D19E /* Assets.xcassets */ = {isa = PBXFileReference; lastKnownFileType = folder.assetcatalog; path = Assets.xcassets; sourceTree = "<group>"; };
		26097E2629898FF80089D19E /* Base */ = {isa = PBXFileReference; lastKnownFileType = file.storyboard; name = Base; path = Base.lproj/LaunchScreen.storyboard; sourceTree = "<group>"; };
		26097E2829898FF80089D19E /* Info.plist */ = {isa = PBXFileReference; lastKnownFileType = text.plist.xml; path = Info.plist; sourceTree = "<group>"; };
		26097E2D29898FF80089D19E /* Rick And Morty AppTests.xctest */ = {isa = PBXFileReference; explicitFileType = wrapper.cfbundle; includeInIndex = 0; path = "Rick And Morty AppTests.xctest"; sourceTree = BUILT_PRODUCTS_DIR; };
		26097E3129898FF80089D19E /* Rick_And_Morty_AppTests.swift */ = {isa = PBXFileReference; lastKnownFileType = sourcecode.swift; path = Rick_And_Morty_AppTests.swift; sourceTree = "<group>"; };
		26097E3729898FF80089D19E /* Rick And Morty AppUITests.xctest */ = {isa = PBXFileReference; explicitFileType = wrapper.cfbundle; includeInIndex = 0; path = "Rick And Morty AppUITests.xctest"; sourceTree = BUILT_PRODUCTS_DIR; };
		26097E3B29898FF80089D19E /* Rick_And_Morty_AppUITests.swift */ = {isa = PBXFileReference; lastKnownFileType = sourcecode.swift; path = Rick_And_Morty_AppUITests.swift; sourceTree = "<group>"; };
		26097E3D29898FF80089D19E /* Rick_And_Morty_AppUITestsLaunchTests.swift */ = {isa = PBXFileReference; lastKnownFileType = sourcecode.swift; path = Rick_And_Morty_AppUITestsLaunchTests.swift; sourceTree = "<group>"; };
/* End PBXFileReference section */

/* Begin PBXFrameworksBuildPhase section */
		26097E1429898FF60089D19E /* Frameworks */ = {
			isa = PBXFrameworksBuildPhase;
			buildActionMask = 2147483647;
			files = (
			);
			runOnlyForDeploymentPostprocessing = 0;
		};
		26097E2A29898FF80089D19E /* Frameworks */ = {
			isa = PBXFrameworksBuildPhase;
			buildActionMask = 2147483647;
			files = (
			);
			runOnlyForDeploymentPostprocessing = 0;
		};
		26097E3429898FF80089D19E /* Frameworks */ = {
			isa = PBXFrameworksBuildPhase;
			buildActionMask = 2147483647;
			files = (
			);
			runOnlyForDeploymentPostprocessing = 0;
		};
/* End PBXFrameworksBuildPhase section */

/* Begin PBXGroup section */
		26097E0E29898FF60089D19E = {
			isa = PBXGroup;
			children = (
				26097E1929898FF60089D19E /* Rick And Morty App */,
				26097E3029898FF80089D19E /* Rick And Morty AppTests */,
				26097E3A29898FF80089D19E /* Rick And Morty AppUITests */,
				26097E1829898FF60089D19E /* Products */,
			);
			sourceTree = "<group>";
		};
		26097E1829898FF60089D19E /* Products */ = {
			isa = PBXGroup;
			children = (
				26097E1729898FF60089D19E /* Rick And Morty App.app */,
				26097E2D29898FF80089D19E /* Rick And Morty AppTests.xctest */,
				26097E3729898FF80089D19E /* Rick And Morty AppUITests.xctest */,
			);
			name = Products;
			sourceTree = "<group>";
		};
		26097E1929898FF60089D19E /* Rick And Morty App */ = {
			isa = PBXGroup;
			children = (
				26097E1A29898FF60089D19E /* AppDelegate.swift */,
				26097E1C29898FF60089D19E /* SceneDelegate.swift */,
				26097E1E29898FF60089D19E /* ViewController.swift */,
				26097E2029898FF60089D19E /* Main.storyboard */,
				26097E2329898FF80089D19E /* Assets.xcassets */,
				26097E2529898FF80089D19E /* LaunchScreen.storyboard */,
				26097E2829898FF80089D19E /* Info.plist */,
			);
			path = "Rick And Morty App";
			sourceTree = "<group>";
		};
		26097E3029898FF80089D19E /* Rick And Morty AppTests */ = {
			isa = PBXGroup;
			children = (
				26097E3129898FF80089D19E /* Rick_And_Morty_AppTests.swift */,
			);
			path = "Rick And Morty AppTests";
			sourceTree = "<group>";
		};
		26097E3A29898FF80089D19E /* Rick And Morty AppUITests */ = {
			isa = PBXGroup;
			children = (
				26097E3B29898FF80089D19E /* Rick_And_Morty_AppUITests.swift */,
				26097E3D29898FF80089D19E /* Rick_And_Morty_AppUITestsLaunchTests.swift */,
			);
			path = "Rick And Morty AppUITests";
			sourceTree = "<group>";
		};
/* End PBXGroup section */

/* Begin PBXNativeTarget section */
		26097E1629898FF60089D19E /* Rick And Morty App */ = {
			isa = PBXNativeTarget;
			buildConfigurationList = 26097E4129898FF80089D19E /* Build configuration list for PBXNativeTarget "Rick And Morty App" */;
			buildPhases = (
				26097E1329898FF60089D19E /* Sources */,
				26097E1429898FF60089D19E /* Frameworks */,
				26097E1529898FF60089D19E /* Resources */,
			);
			buildRules = (
			);
			dependencies = (
			);
			name = "Rick And Morty App";
			productName = "Rick And Morty App";
			productReference = 26097E1729898FF60089D19E /* Rick And Morty App.app */;
			productType = "com.apple.product-type.application";
		};
		26097E2C29898FF80089D19E /* Rick And Morty AppTests */ = {
			isa = PBXNativeTarget;
			buildConfigurationList = 26097E4429898FF80089D19E /* Build configuration list for PBXNativeTarget "Rick And Morty AppTests" */;
			buildPhases = (
				26097E2929898FF80089D19E /* Sources */,
				26097E2A29898FF80089D19E /* Frameworks */,
				26097E2B29898FF80089D19E /* Resources */,
			);
			buildRules = (
			);
			dependencies = (
				26097E2F29898FF80089D19E /* PBXTargetDependency */,
			);
			name = "Rick And Morty AppTests";
			productName = "Rick And Morty AppTests";
			productReference = 26097E2D29898FF80089D19E /* Rick And Morty AppTests.xctest */;
			productType = "com.apple.product-type.bundle.unit-test";
		};
		26097E3629898FF80089D19E /* Rick And Morty AppUITests */ = {
			isa = PBXNativeTarget;
			buildConfigurationList = 26097E4729898FF80089D19E /* Build configuration list for PBXNativeTarget "Rick And Morty AppUITests" */;
			buildPhases = (
				26097E3329898FF80089D19E /* Sources */,
				26097E3429898FF80089D19E /* Frameworks */,
				26097E3529898FF80089D19E /* Resources */,
			);
			buildRules = (
			);
			dependencies = (
				26097E3929898FF80089D19E /* PBXTargetDependency */,
			);
			name = "Rick And Morty AppUITests";
			productName = "Rick And Morty AppUITests";
			productReference = 26097E3729898FF80089D19E /* Rick And Morty AppUITests.xctest */;
			productType = "com.apple.product-type.bundle.ui-testing";
		};
/* End PBXNativeTarget section */

/* Begin PBXProject section */
		26097E0F29898FF60089D19E /* Project object */ = {
			isa = PBXProject;
			attributes = {
				BuildIndependentTargetsInParallel = 1;
				LastSwiftUpdateCheck = 1410;
				LastUpgradeCheck = 1410;
				TargetAttributes = {
					26097E1629898FF60089D19E = {
						CreatedOnToolsVersion = 14.1;
					};
					26097E2C29898FF80089D19E = {
						CreatedOnToolsVersion = 14.1;
						TestTargetID = 26097E1629898FF60089D19E;
					};
					26097E3629898FF80089D19E = {
						CreatedOnToolsVersion = 14.1;
						TestTargetID = 26097E1629898FF60089D19E;
					};
				};
			};
			buildConfigurationList = 26097E1229898FF60089D19E /* Build configuration list for PBXProject "Rick And Morty App" */;
			compatibilityVersion = "Xcode 14.0";
			developmentRegion = en;
			hasScannedForEncodings = 0;
			knownRegions = (
				en,
				Base,
			);
			mainGroup = 26097E0E29898FF60089D19E;
			productRefGroup = 26097E1829898FF60089D19E /* Products */;
			projectDirPath = "";
			projectRoot = "";
			targets = (
				26097E1629898FF60089D19E /* Rick And Morty App */,
				26097E2C29898FF80089D19E /* Rick And Morty AppTests */,
				26097E3629898FF80089D19E /* Rick And Morty AppUITests */,
			);
		};
/* End PBXProject section */

/* Begin PBXResourcesBuildPhase section */
		26097E1529898FF60089D19E /* Resources */ = {
			isa = PBXResourcesBuildPhase;
			buildActionMask = 2147483647;
			files = (
				26097E2729898FF80089D19E /* LaunchScreen.storyboard in Resources */,
				26097E2429898FF80089D19E /* Assets.xcassets in Resources */,
				26097E2229898FF60089D19E /* Main.storyboard in Resources */,
			);
			runOnlyForDeploymentPostprocessing = 0;
		};
		26097E2B29898FF80089D19E /* Resources */ = {
			isa = PBXResourcesBuildPhase;
			buildActionMask = 2147483647;
			files = (
			);
			runOnlyForDeploymentPostprocessing = 0;
		};
		26097E3529898FF80089D19E /* Resources */ = {
			isa = PBXResourcesBuildPhase;
			buildActionMask = 2147483647;
			files = (
			);
			runOnlyForDeploymentPostprocessing = 0;
		};
/* End PBXResourcesBuildPhase section */

/* Begin PBXSourcesBuildPhase section */
		26097E1329898FF60089D19E /* Sources */ = {
			isa = PBXSourcesBuildPhase;
			buildActionMask = 2147483647;
			files = (
				26097E1F29898FF60089D19E /* ViewController.swift in Sources */,
				26097E1B29898FF60089D19E /* AppDelegate.swift in Sources */,
				26097E1D29898FF60089D19E /* SceneDelegate.swift in Sources */,
			);
			runOnlyForDeploymentPostprocessing = 0;
		};
		26097E2929898FF80089D19E /* Sources */ = {
			isa = PBXSourcesBuildPhase;
			buildActionMask = 2147483647;
			files = (
				26097E3229898FF80089D19E /* Rick_And_Morty_AppTests.swift in Sources */,
			);
			runOnlyForDeploymentPostprocessing = 0;
		};
		26097E3329898FF80089D19E /* Sources */ = {
			isa = PBXSourcesBuildPhase;
			buildActionMask = 2147483647;
			files = (
				26097E3C29898FF80089D19E /* Rick_And_Morty_AppUITests.swift in Sources */,
				26097E3E29898FF80089D19E /* Rick_And_Morty_AppUITestsLaunchTests.swift in Sources */,
			);
			runOnlyForDeploymentPostprocessing = 0;
		};
/* End PBXSourcesBuildPhase section */

/* Begin PBXTargetDependency section */
		26097E2F29898FF80089D19E /* PBXTargetDependency */ = {
			isa = PBXTargetDependency;
			target = 26097E1629898FF60089D19E /* Rick And Morty App */;
			targetProxy = 26097E2E29898FF80089D19E /* PBXContainerItemProxy */;
		};
		26097E3929898FF80089D19E /* PBXTargetDependency */ = {
			isa = PBXTargetDependency;
			target = 26097E1629898FF60089D19E /* Rick And Morty App */;
			targetProxy = 26097E3829898FF80089D19E /* PBXContainerItemProxy */;
		};
/* End PBXTargetDependency section */

/* Begin PBXVariantGroup section */
		26097E2029898FF60089D19E /* Main.storyboard */ = {
			isa = PBXVariantGroup;
			children = (
				26097E2129898FF60089D19E /* Base */,
			);
			name = Main.storyboard;
			sourceTree = "<group>";
		};
		26097E2529898FF80089D19E /* LaunchScreen.storyboard */ = {
			isa = PBXVariantGroup;
			children = (
				26097E2629898FF80089D19E /* Base */,
			);
			name = LaunchScreen.storyboard;
			sourceTree = "<group>";
		};
/* End PBXVariantGroup section */

/* Begin XCBuildConfiguration section */
		26097E3F29898FF80089D19E /* Debug */ = {
			isa = XCBuildConfiguration;
			buildSettings = {
				ALWAYS_SEARCH_USER_PATHS = NO;
				CLANG_ANALYZER_NONNULL = YES;
				CLANG_ANALYZER_NUMBER_OBJECT_CONVERSION = YES_AGGRESSIVE;
				CLANG_CXX_LANGUAGE_STANDARD = "gnu++20";
				CLANG_ENABLE_MODULES = YES;
				CLANG_ENABLE_OBJC_ARC = YES;
				CLANG_ENABLE_OBJC_WEAK = YES;
				CLANG_WARN_BLOCK_CAPTURE_AUTORELEASING = YES;
				CLANG_WARN_BOOL_CONVERSION = YES;
				CLANG_WARN_COMMA = YES;
				CLANG_WARN_CONSTANT_CONVERSION = YES;
				CLANG_WARN_DEPRECATED_OBJC_IMPLEMENTATIONS = YES;
				CLANG_WARN_DIRECT_OBJC_ISA_USAGE = YES_ERROR;
				CLANG_WARN_DOCUMENTATION_COMMENTS = YES;
				CLANG_WARN_EMPTY_BODY = YES;
				CLANG_WARN_ENUM_CONVERSION = YES;
				CLANG_WARN_INFINITE_RECURSION = YES;
				CLANG_WARN_INT_CONVERSION = YES;
				CLANG_WARN_NON_LITERAL_NULL_CONVERSION = YES;
				CLANG_WARN_OBJC_IMPLICIT_RETAIN_SELF = YES;
				CLANG_WARN_OBJC_LITERAL_CONVERSION = YES;
				CLANG_WARN_OBJC_ROOT_CLASS = YES_ERROR;
				CLANG_WARN_QUOTED_INCLUDE_IN_FRAMEWORK_HEADER = YES;
				CLANG_WARN_RANGE_LOOP_ANALYSIS = YES;
				CLANG_WARN_STRICT_PROTOTYPES = YES;
				CLANG_WARN_SUSPICIOUS_MOVE = YES;
				CLANG_WARN_UNGUARDED_AVAILABILITY = YES_AGGRESSIVE;
				CLANG_WARN_UNREACHABLE_CODE = YES;
				CLANG_WARN__DUPLICATE_METHOD_MATCH = YES;
				COPY_PHASE_STRIP = NO;
				DEBUG_INFORMATION_FORMAT = dwarf;
				ENABLE_STRICT_OBJC_MSGSEND = YES;
				ENABLE_TESTABILITY = YES;
				GCC_C_LANGUAGE_STANDARD = gnu11;
				GCC_DYNAMIC_NO_PIC = NO;
				GCC_NO_COMMON_BLOCKS = YES;
				GCC_OPTIMIZATION_LEVEL = 0;
				GCC_PREPROCESSOR_DEFINITIONS = (
					"DEBUG=1",
					"$(inherited)",
				);
				GCC_WARN_64_TO_32_BIT_CONVERSION = YES;
				GCC_WARN_ABOUT_RETURN_TYPE = YES_ERROR;
				GCC_WARN_UNDECLARED_SELECTOR = YES;
				GCC_WARN_UNINITIALIZED_AUTOS = YES_AGGRESSIVE;
				GCC_WARN_UNUSED_FUNCTION = YES;
				GCC_WARN_UNUSED_VARIABLE = YES;
				IPHONEOS_DEPLOYMENT_TARGET = 16.1;
				MTL_ENABLE_DEBUG_INFO = INCLUDE_SOURCE;
				MTL_FAST_MATH = YES;
				ONLY_ACTIVE_ARCH = YES;
				SDKROOT = iphoneos;
				SWIFT_ACTIVE_COMPILATION_CONDITIONS = DEBUG;
				SWIFT_OPTIMIZATION_LEVEL = "-Onone";
			};
			name = Debug;
		};
		26097E4029898FF80089D19E /* Release */ = {
			isa = XCBuildConfiguration;
			buildSettings = {
				ALWAYS_SEARCH_USER_PATHS = NO;
				CLANG_ANALYZER_NONNULL = YES;
				CLANG_ANALYZER_NUMBER_OBJECT_CONVERSION = YES_AGGRESSIVE;
				CLANG_CXX_LANGUAGE_STANDARD = "gnu++20";
				CLANG_ENABLE_MODULES = YES;
				CLANG_ENABLE_OBJC_ARC = YES;
				CLANG_ENABLE_OBJC_WEAK = YES;
				CLANG_WARN_BLOCK_CAPTURE_AUTORELEASING = YES;
				CLANG_WARN_BOOL_CONVERSION = YES;
				CLANG_WARN_COMMA = YES;
				CLANG_WARN_CONSTANT_CONVERSION = YES;
				CLANG_WARN_DEPRECATED_OBJC_IMPLEMENTATIONS = YES;
				CLANG_WARN_DIRECT_OBJC_ISA_USAGE = YES_ERROR;
				CLANG_WARN_DOCUMENTATION_COMMENTS = YES;
				CLANG_WARN_EMPTY_BODY = YES;
				CLANG_WARN_ENUM_CONVERSION = YES;
				CLANG_WARN_INFINITE_RECURSION = YES;
				CLANG_WARN_INT_CONVERSION = YES;
				CLANG_WARN_NON_LITERAL_NULL_CONVERSION = YES;
				CLANG_WARN_OBJC_IMPLICIT_RETAIN_SELF = YES;
				CLANG_WARN_OBJC_LITERAL_CONVERSION = YES;
				CLANG_WARN_OBJC_ROOT_CLASS = YES_ERROR;
				CLANG_WARN_QUOTED_INCLUDE_IN_FRAMEWORK_HEADER = YES;
				CLANG_WARN_RANGE_LOOP_ANALYSIS = YES;
				CLANG_WARN_STRICT_PROTOTYPES = YES;
				CLANG_WARN_SUSPICIOUS_MOVE = YES;
				CLANG_WARN_UNGUARDED_AVAILABILITY = YES_AGGRESSIVE;
				CLANG_WARN_UNREACHABLE_CODE = YES;
				CLANG_WARN__DUPLICATE_METHOD_MATCH = YES;
				COPY_PHASE_STRIP = NO;
				DEBUG_INFORMATION_FORMAT = "dwarf-with-dsym";
				ENABLE_NS_ASSERTIONS = NO;
				ENABLE_STRICT_OBJC_MSGSEND = YES;
				GCC_C_LANGUAGE_STANDARD = gnu11;
				GCC_NO_COMMON_BLOCKS = YES;
				GCC_WARN_64_TO_32_BIT_CONVERSION = YES;
				GCC_WARN_ABOUT_RETURN_TYPE = YES_ERROR;
				GCC_WARN_UNDECLARED_SELECTOR = YES;
				GCC_WARN_UNINITIALIZED_AUTOS = YES_AGGRESSIVE;
				GCC_WARN_UNUSED_FUNCTION = YES;
				GCC_WARN_UNUSED_VARIABLE = YES;
				IPHONEOS_DEPLOYMENT_TARGET = 16.1;
				MTL_ENABLE_DEBUG_INFO = NO;
				MTL_FAST_MATH = YES;
				SDKROOT = iphoneos;
				SWIFT_COMPILATION_MODE = wholemodule;
				SWIFT_OPTIMIZATION_LEVEL = "-O";
				VALIDATE_PRODUCT = YES;
			};
			name = Release;
		};
		26097E4229898FF80089D19E /* Debug */ = {
			isa = XCBuildConfiguration;
			buildSettings = {
				ASSETCATALOG_COMPILER_APPICON_NAME = AppIcon;
				ASSETCATALOG_COMPILER_GLOBAL_ACCENT_COLOR_NAME = AccentColor;
				CODE_SIGN_STYLE = Automatic;
				CURRENT_PROJECT_VERSION = 1;
				GENERATE_INFOPLIST_FILE = YES;
				INFOPLIST_FILE = "Rick And Morty App/Info.plist";
				INFOPLIST_KEY_UIApplicationSupportsIndirectInputEvents = YES;
				INFOPLIST_KEY_UILaunchStoryboardName = LaunchScreen;
				INFOPLIST_KEY_UIMainStoryboardFile = Main;
				INFOPLIST_KEY_UISupportedInterfaceOrientations_iPad = "UIInterfaceOrientationPortrait UIInterfaceOrientationPortraitUpsideDown UIInterfaceOrientationLandscapeLeft UIInterfaceOrientationLandscapeRight";
				INFOPLIST_KEY_UISupportedInterfaceOrientations_iPhone = "UIInterfaceOrientationPortrait UIInterfaceOrientationLandscapeLeft UIInterfaceOrientationLandscapeRight";
				IPHONEOS_DEPLOYMENT_TARGET = 13.5;
				LD_RUNPATH_SEARCH_PATHS = (
					"$(inherited)",
					"@executable_path/Frameworks",
				);
				MARKETING_VERSION = 1.0;
				PRODUCT_BUNDLE_IDENTIFIER = "com.luna.practice.Rick-And-Morty-App";
				PRODUCT_NAME = "$(TARGET_NAME)";
				SWIFT_EMIT_LOC_STRINGS = YES;
				SWIFT_VERSION = 5.0;
				TARGETED_DEVICE_FAMILY = "1,2";
			};
			name = Debug;
		};
		26097E4329898FF80089D19E /* Release */ = {
			isa = XCBuildConfiguration;
			buildSettings = {
				ASSETCATALOG_COMPILER_APPICON_NAME = AppIcon;
				ASSETCATALOG_COMPILER_GLOBAL_ACCENT_COLOR_NAME = AccentColor;
				CODE_SIGN_STYLE = Automatic;
				CURRENT_PROJECT_VERSION = 1;
				GENERATE_INFOPLIST_FILE = YES;
				INFOPLIST_FILE = "Rick And Morty App/Info.plist";
				INFOPLIST_KEY_UIApplicationSupportsIndirectInputEvents = YES;
				INFOPLIST_KEY_UILaunchStoryboardName = LaunchScreen;
				INFOPLIST_KEY_UIMainStoryboardFile = Main;
				INFOPLIST_KEY_UISupportedInterfaceOrientations_iPad = "UIInterfaceOrientationPortrait UIInterfaceOrientationPortraitUpsideDown UIInterfaceOrientationLandscapeLeft UIInterfaceOrientationLandscapeRight";
				INFOPLIST_KEY_UISupportedInterfaceOrientations_iPhone = "UIInterfaceOrientationPortrait UIInterfaceOrientationLandscapeLeft UIInterfaceOrientationLandscapeRight";
				IPHONEOS_DEPLOYMENT_TARGET = 13.5;
				LD_RUNPATH_SEARCH_PATHS = (
					"$(inherited)",
					"@executable_path/Frameworks",
				);
				MARKETING_VERSION = 1.0;
				PRODUCT_BUNDLE_IDENTIFIER = "com.luna.practice.Rick-And-Morty-App";
				PRODUCT_NAME = "$(TARGET_NAME)";
				SWIFT_EMIT_LOC_STRINGS = YES;
				SWIFT_VERSION = 5.0;
				TARGETED_DEVICE_FAMILY = "1,2";
			};
			name = Release;
		};
		26097E4529898FF80089D19E /* Debug */ = {
			isa = XCBuildConfiguration;
			buildSettings = {
				ALWAYS_EMBED_SWIFT_STANDARD_LIBRARIES = YES;
				BUNDLE_LOADER = "$(TEST_HOST)";
				CODE_SIGN_STYLE = Automatic;
				CURRENT_PROJECT_VERSION = 1;
				GENERATE_INFOPLIST_FILE = YES;
				IPHONEOS_DEPLOYMENT_TARGET = 16.1;
				MARKETING_VERSION = 1.0;
				PRODUCT_BUNDLE_IDENTIFIER = "com.luna.practice.Rick-And-Morty-AppTests";
				PRODUCT_NAME = "$(TARGET_NAME)";
				SWIFT_EMIT_LOC_STRINGS = NO;
				SWIFT_VERSION = 5.0;
				TARGETED_DEVICE_FAMILY = "1,2";
				TEST_HOST = "$(BUILT_PRODUCTS_DIR)/Rick And Morty App.app/$(BUNDLE_EXECUTABLE_FOLDER_PATH)/Rick And Morty App";
			};
			name = Debug;
		};
		26097E4629898FF80089D19E /* Release */ = {
			isa = XCBuildConfiguration;
			buildSettings = {
				ALWAYS_EMBED_SWIFT_STANDARD_LIBRARIES = YES;
				BUNDLE_LOADER = "$(TEST_HOST)";
				CODE_SIGN_STYLE = Automatic;
				CURRENT_PROJECT_VERSION = 1;
				GENERATE_INFOPLIST_FILE = YES;
				IPHONEOS_DEPLOYMENT_TARGET = 16.1;
				MARKETING_VERSION = 1.0;
				PRODUCT_BUNDLE_IDENTIFIER = "com.luna.practice.Rick-And-Morty-AppTests";
				PRODUCT_NAME = "$(TARGET_NAME)";
				SWIFT_EMIT_LOC_STRINGS = NO;
				SWIFT_VERSION = 5.0;
				TARGETED_DEVICE_FAMILY = "1,2";
				TEST_HOST = "$(BUILT_PRODUCTS_DIR)/Rick And Morty App.app/$(BUNDLE_EXECUTABLE_FOLDER_PATH)/Rick And Morty App";
			};
			name = Release;
		};
		26097E4829898FF80089D19E /* Debug */ = {
			isa = XCBuildConfiguration;
			buildSettings = {
				ALWAYS_EMBED_SWIFT_STANDARD_LIBRARIES = YES;
				CODE_SIGN_STYLE = Automatic;
				CURRENT_PROJECT_VERSION = 1;
				GENERATE_INFOPLIST_FILE = YES;
				MARKETING_VERSION = 1.0;
				PRODUCT_BUNDLE_IDENTIFIER = "com.luna.practice.Rick-And-Morty-AppUITests";
				PRODUCT_NAME = "$(TARGET_NAME)";
				SWIFT_EMIT_LOC_STRINGS = NO;
				SWIFT_VERSION = 5.0;
				TARGETED_DEVICE_FAMILY = "1,2";
				TEST_TARGET_NAME = "Rick And Morty App";
			};
			name = Debug;
		};
		26097E4929898FF80089D19E /* Release */ = {
			isa = XCBuildConfiguration;
			buildSettings = {
				ALWAYS_EMBED_SWIFT_STANDARD_LIBRARIES = YES;
				CODE_SIGN_STYLE = Automatic;
				CURRENT_PROJECT_VERSION = 1;
				GENERATE_INFOPLIST_FILE = YES;
				MARKETING_VERSION = 1.0;
				PRODUCT_BUNDLE_IDENTIFIER = "com.luna.practice.Rick-And-Morty-AppUITests";
				PRODUCT_NAME = "$(TARGET_NAME)";
				SWIFT_EMIT_LOC_STRINGS = NO;
				SWIFT_VERSION = 5.0;
				TARGETED_DEVICE_FAMILY = "1,2";
				TEST_TARGET_NAME = "Rick And Morty App";
			};
			name = Release;
		};
/* End XCBuildConfiguration section */

/* Begin XCConfigurationList section */
		26097E1229898FF60089D19E /* Build configuration list for PBXProject "Rick And Morty App" */ = {
			isa = XCConfigurationList;
			buildConfigurations = (
				26097E3F29898FF80089D19E /* Debug */,
				26097E4029898FF80089D19E /* Release */,
			);
			defaultConfigurationIsVisible = 0;
			defaultConfigurationName = Release;
		};
		26097E4129898FF80089D19E /* Build configuration list for PBXNativeTarget "Rick And Morty App" */ = {
			isa = XCConfigurationList;
			buildConfigurations = (
				26097E4229898FF80089D19E /* Debug */,
				26097E4329898FF80089D19E /* Release */,
			);
			defaultConfigurationIsVisible = 0;
			defaultConfigurationName = Release;
		};
		26097E4429898FF80089D19E /* Build configuration list for PBXNativeTarget "Rick And Morty AppTests" */ = {
			isa = XCConfigurationList;
			buildConfigurations = (
				26097E4529898FF80089D19E /* Debug */,
				26097E4629898FF80089D19E /* Release */,
			);
			defaultConfigurationIsVisible = 0;
			defaultConfigurationName = Release;
		};
		26097E4729898FF80089D19E /* Build configuration list for PBXNativeTarget "Rick And Morty AppUITests" */ = {
			isa = XCConfigurationList;
			buildConfigurations = (
				26097E4829898FF80089D19E /* Debug */,
				26097E4929898FF80089D19E /* Release */,
			);
			defaultConfigurationIsVisible = 0;
			defaultConfigurationName = Release;
		};
/* End XCConfigurationList section */
	};
	rootObject = 26097E0F29898FF60089D19E /* Project object */;
}
